
Microsoft Visual Studio Solution File, Format Version 12.00
# Visual Studio 2012
Project("{FAE04EC0-301F-11D3-BF4B-00C04F79EFBC}") = "core.monotouch", "core\core.monotouch.csproj", "{CAA47381-0DBB-461D-8EB6-4D00AC453656}"
EndProject
Project("{FAE04EC0-301F-11D3-BF4B-00C04F79EFBC}") = "ios", "ios\ios.csproj", "{B7ED3825-4F3A-40EE-A1CF-2A81F61744D4}"
EndProject
Project("{FAE04EC0-301F-11D3-BF4B-00C04F79EFBC}") = "core.net", "core\core.net.csproj", "{0CB56315-CD8F-44A3-822E-B7B33F736241}"
EndProject
Project("{FAE04EC0-301F-11D3-BF4B-00C04F79EFBC}") = "core.net.unittests", "core.net.unittests\core.net.unittests.csproj", "{61B19742-32C5-455F-AFB3-045ADD0696AE}"
EndProject
Project("{FAE04EC0-301F-11D3-BF4B-00C04F79EFBC}") = "core.net.integrationtests", "core.net.integrationtests\core.net.integrationtests.csproj", "{E483C044-6672-4E9E-8699-B2D709E55660}"
EndProject
Project("{FAE04EC0-301F-11D3-BF4B-00C04F79EFBC}") = "ios.unittests", "ios.unittests\ios.unittests.csproj", "{D3A226A1-6118-44B6-B885-5BE630389DFB}"
EndProject
Project("{2150E333-8FDC-42A3-9474-1A3956D46DE8}") = ".nuget", ".nuget", "{48F5889B-0B0A-428E-B83D-84E82A679390}"
	ProjectSection(SolutionItems) = preProject
		.nuget\NuGet.Config = .nuget\NuGet.Config
		.nuget\NuGet.exe = .nuget\NuGet.exe
		.nuget\NuGet.targets = .nuget\NuGet.targets
	EndProjectSection
EndProject
Project("{FAE04EC0-301F-11D3-BF4B-00C04F79EFBC}") = "PincodeBinding", "pincode\PincodeBinding\PincodeBinding\PincodeBinding.csproj", "{6C382CBB-9704-412F-AB44-AF564DCF5067}"
EndProject
Global
	GlobalSection(SolutionConfigurationPlatforms) = preSolution
		AdHoc|Any CPU = AdHoc|Any CPU
		Ad-Hoc|Any CPU = Ad-Hoc|Any CPU
		AdHoc|iPhone = AdHoc|iPhone
		Ad-Hoc|iPhone = Ad-Hoc|iPhone
		AdHoc|iPhoneSimulator = AdHoc|iPhoneSimulator
		Ad-Hoc|iPhoneSimulator = Ad-Hoc|iPhoneSimulator
		AdHoc|Mixed Platforms = AdHoc|Mixed Platforms
		Ad-Hoc|Mixed Platforms = Ad-Hoc|Mixed Platforms
		AppStore|Any CPU = AppStore|Any CPU
		AppStore|iPhone = AppStore|iPhone
		AppStore|iPhoneSimulator = AppStore|iPhoneSimulator
		AppStore|Mixed Platforms = AppStore|Mixed Platforms
		Debug|Any CPU = Debug|Any CPU
		Debug|iPhone = Debug|iPhone
		Debug|iPhoneSimulator = Debug|iPhoneSimulator
		Debug|Mixed Platforms = Debug|Mixed Platforms
		Distribution|Any CPU = Distribution|Any CPU
		Distribution|iPhone = Distribution|iPhone
		Distribution|iPhoneSimulator = Distribution|iPhoneSimulator
		Distribution|Mixed Platforms = Distribution|Mixed Platforms
		Release|Any CPU = Release|Any CPU
		Release|iPhone = Release|iPhone
		Release|iPhoneSimulator = Release|iPhoneSimulator
		Release|Mixed Platforms = Release|Mixed Platforms
	EndGlobalSection
	GlobalSection(ProjectConfigurationPlatforms) = postSolution
		{0CB56315-CD8F-44A3-822E-B7B33F736241}.AdHoc|Any CPU.ActiveCfg = Release|Any CPU
		{0CB56315-CD8F-44A3-822E-B7B33F736241}.Ad-Hoc|Any CPU.ActiveCfg = Release|Any CPU
		{0CB56315-CD8F-44A3-822E-B7B33F736241}.AdHoc|Any CPU.Build.0 = Release|Any CPU
		{0CB56315-CD8F-44A3-822E-B7B33F736241}.Ad-Hoc|Any CPU.Build.0 = Release|Any CPU
		{0CB56315-CD8F-44A3-822E-B7B33F736241}.AdHoc|iPhone.ActiveCfg = Release|Any CPU
		{0CB56315-CD8F-44A3-822E-B7B33F736241}.Ad-Hoc|iPhone.ActiveCfg = Release|Any CPU
		{0CB56315-CD8F-44A3-822E-B7B33F736241}.AdHoc|iPhoneSimulator.ActiveCfg = Release|Any CPU
		{0CB56315-CD8F-44A3-822E-B7B33F736241}.Ad-Hoc|iPhoneSimulator.ActiveCfg = Release|Any CPU
		{0CB56315-CD8F-44A3-822E-B7B33F736241}.AdHoc|Mixed Platforms.ActiveCfg = Release|Any CPU
		{0CB56315-CD8F-44A3-822E-B7B33F736241}.Ad-Hoc|Mixed Platforms.ActiveCfg = Release|Any CPU
		{0CB56315-CD8F-44A3-822E-B7B33F736241}.AdHoc|Mixed Platforms.Build.0 = Release|Any CPU
		{0CB56315-CD8F-44A3-822E-B7B33F736241}.Ad-Hoc|Mixed Platforms.Build.0 = Release|Any CPU
		{0CB56315-CD8F-44A3-822E-B7B33F736241}.AppStore|Any CPU.ActiveCfg = Release|Any CPU
		{0CB56315-CD8F-44A3-822E-B7B33F736241}.AppStore|Any CPU.Build.0 = Release|Any CPU
		{0CB56315-CD8F-44A3-822E-B7B33F736241}.AppStore|iPhone.ActiveCfg = Release|Any CPU
		{0CB56315-CD8F-44A3-822E-B7B33F736241}.AppStore|iPhoneSimulator.ActiveCfg = Release|Any CPU
		{0CB56315-CD8F-44A3-822E-B7B33F736241}.AppStore|Mixed Platforms.ActiveCfg = Release|Any CPU
		{0CB56315-CD8F-44A3-822E-B7B33F736241}.AppStore|Mixed Platforms.Build.0 = Release|Any CPU
		{0CB56315-CD8F-44A3-822E-B7B33F736241}.Debug|Any CPU.ActiveCfg = Debug|Any CPU
		{0CB56315-CD8F-44A3-822E-B7B33F736241}.Debug|Any CPU.Build.0 = Debug|Any CPU
		{0CB56315-CD8F-44A3-822E-B7B33F736241}.Debug|iPhone.ActiveCfg = Debug|Any CPU
		{0CB56315-CD8F-44A3-822E-B7B33F736241}.Debug|iPhoneSimulator.ActiveCfg = Debug|Any CPU
		{0CB56315-CD8F-44A3-822E-B7B33F736241}.Debug|Mixed Platforms.ActiveCfg = Debug|Any CPU
		{0CB56315-CD8F-44A3-822E-B7B33F736241}.Debug|Mixed Platforms.Build.0 = Debug|Any CPU
		{0CB56315-CD8F-44A3-822E-B7B33F736241}.Distribution|Any CPU.ActiveCfg = Debug|Any CPU
		{0CB56315-CD8F-44A3-822E-B7B33F736241}.Distribution|Any CPU.Build.0 = Debug|Any CPU
		{0CB56315-CD8F-44A3-822E-B7B33F736241}.Distribution|iPhone.ActiveCfg = Debug|Any CPU
		{0CB56315-CD8F-44A3-822E-B7B33F736241}.Distribution|iPhoneSimulator.ActiveCfg = Debug|Any CPU
		{0CB56315-CD8F-44A3-822E-B7B33F736241}.Distribution|Mixed Platforms.ActiveCfg = Debug|Any CPU
		{0CB56315-CD8F-44A3-822E-B7B33F736241}.Distribution|Mixed Platforms.Build.0 = Debug|Any CPU
		{0CB56315-CD8F-44A3-822E-B7B33F736241}.Release|Any CPU.ActiveCfg = Release|Any CPU
		{0CB56315-CD8F-44A3-822E-B7B33F736241}.Release|Any CPU.Build.0 = Release|Any CPU
		{0CB56315-CD8F-44A3-822E-B7B33F736241}.Release|iPhone.ActiveCfg = Release|Any CPU
		{0CB56315-CD8F-44A3-822E-B7B33F736241}.Release|iPhoneSimulator.ActiveCfg = Release|Any CPU
		{0CB56315-CD8F-44A3-822E-B7B33F736241}.Release|Mixed Platforms.ActiveCfg = Release|Any CPU
		{0CB56315-CD8F-44A3-822E-B7B33F736241}.Release|Mixed Platforms.Build.0 = Release|Any CPU
		{61B19742-32C5-455F-AFB3-045ADD0696AE}.AdHoc|Any CPU.ActiveCfg = Release|Any CPU
		{61B19742-32C5-455F-AFB3-045ADD0696AE}.Ad-Hoc|Any CPU.ActiveCfg = Release|Any CPU
		{61B19742-32C5-455F-AFB3-045ADD0696AE}.AdHoc|Any CPU.Build.0 = Release|Any CPU
		{61B19742-32C5-455F-AFB3-045ADD0696AE}.Ad-Hoc|Any CPU.Build.0 = Release|Any CPU
		{61B19742-32C5-455F-AFB3-045ADD0696AE}.AdHoc|iPhone.ActiveCfg = Release|Any CPU
		{61B19742-32C5-455F-AFB3-045ADD0696AE}.Ad-Hoc|iPhone.ActiveCfg = Release|Any CPU
		{61B19742-32C5-455F-AFB3-045ADD0696AE}.AdHoc|iPhoneSimulator.ActiveCfg = Release|Any CPU
		{61B19742-32C5-455F-AFB3-045ADD0696AE}.Ad-Hoc|iPhoneSimulator.ActiveCfg = Release|Any CPU
		{61B19742-32C5-455F-AFB3-045ADD0696AE}.AdHoc|Mixed Platforms.ActiveCfg = Release|Any CPU
		{61B19742-32C5-455F-AFB3-045ADD0696AE}.Ad-Hoc|Mixed Platforms.ActiveCfg = Release|Any CPU
		{61B19742-32C5-455F-AFB3-045ADD0696AE}.AdHoc|Mixed Platforms.Build.0 = Release|Any CPU
		{61B19742-32C5-455F-AFB3-045ADD0696AE}.Ad-Hoc|Mixed Platforms.Build.0 = Release|Any CPU
		{61B19742-32C5-455F-AFB3-045ADD0696AE}.AppStore|Any CPU.ActiveCfg = Release|Any CPU
		{61B19742-32C5-455F-AFB3-045ADD0696AE}.AppStore|Any CPU.Build.0 = Release|Any CPU
		{61B19742-32C5-455F-AFB3-045ADD0696AE}.AppStore|iPhone.ActiveCfg = Release|Any CPU
		{61B19742-32C5-455F-AFB3-045ADD0696AE}.AppStore|iPhoneSimulator.ActiveCfg = Release|Any CPU
		{61B19742-32C5-455F-AFB3-045ADD0696AE}.AppStore|Mixed Platforms.ActiveCfg = Release|Any CPU
		{61B19742-32C5-455F-AFB3-045ADD0696AE}.AppStore|Mixed Platforms.Build.0 = Release|Any CPU
		{61B19742-32C5-455F-AFB3-045ADD0696AE}.Debug|Any CPU.ActiveCfg = Debug|Any CPU
		{61B19742-32C5-455F-AFB3-045ADD0696AE}.Debug|Any CPU.Build.0 = Debug|Any CPU
		{61B19742-32C5-455F-AFB3-045ADD0696AE}.Debug|iPhone.ActiveCfg = Debug|Any CPU
		{61B19742-32C5-455F-AFB3-045ADD0696AE}.Debug|iPhoneSimulator.ActiveCfg = Debug|Any CPU
		{61B19742-32C5-455F-AFB3-045ADD0696AE}.Debug|Mixed Platforms.ActiveCfg = Debug|Any CPU
		{61B19742-32C5-455F-AFB3-045ADD0696AE}.Debug|Mixed Platforms.Build.0 = Debug|Any CPU
		{61B19742-32C5-455F-AFB3-045ADD0696AE}.Distribution|Any CPU.ActiveCfg = Debug|Any CPU
		{61B19742-32C5-455F-AFB3-045ADD0696AE}.Distribution|Any CPU.Build.0 = Debug|Any CPU
		{61B19742-32C5-455F-AFB3-045ADD0696AE}.Distribution|iPhone.ActiveCfg = Debug|Any CPU
		{61B19742-32C5-455F-AFB3-045ADD0696AE}.Distribution|iPhoneSimulator.ActiveCfg = Debug|Any CPU
		{61B19742-32C5-455F-AFB3-045ADD0696AE}.Distribution|Mixed Platforms.ActiveCfg = Debug|Any CPU
		{61B19742-32C5-455F-AFB3-045ADD0696AE}.Distribution|Mixed Platforms.Build.0 = Debug|Any CPU
		{61B19742-32C5-455F-AFB3-045ADD0696AE}.Release|Any CPU.ActiveCfg = Release|Any CPU
		{61B19742-32C5-455F-AFB3-045ADD0696AE}.Release|Any CPU.Build.0 = Release|Any CPU
		{61B19742-32C5-455F-AFB3-045ADD0696AE}.Release|iPhone.ActiveCfg = Release|Any CPU
		{61B19742-32C5-455F-AFB3-045ADD0696AE}.Release|iPhoneSimulator.ActiveCfg = Release|Any CPU
		{61B19742-32C5-455F-AFB3-045ADD0696AE}.Release|Mixed Platforms.ActiveCfg = Release|Any CPU
		{61B19742-32C5-455F-AFB3-045ADD0696AE}.Release|Mixed Platforms.Build.0 = Release|Any CPU
		{6C382CBB-9704-412F-AB44-AF564DCF5067}.AdHoc|Any CPU.ActiveCfg = Release|Any CPU
		{6C382CBB-9704-412F-AB44-AF564DCF5067}.Ad-Hoc|Any CPU.ActiveCfg = Release|Any CPU
		{6C382CBB-9704-412F-AB44-AF564DCF5067}.AdHoc|Any CPU.Build.0 = Release|Any CPU
		{6C382CBB-9704-412F-AB44-AF564DCF5067}.Ad-Hoc|Any CPU.Build.0 = Release|Any CPU
		{6C382CBB-9704-412F-AB44-AF564DCF5067}.AdHoc|iPhone.ActiveCfg = Release|Any CPU
		{6C382CBB-9704-412F-AB44-AF564DCF5067}.Ad-Hoc|iPhone.ActiveCfg = Release|Any CPU
		{6C382CBB-9704-412F-AB44-AF564DCF5067}.AdHoc|iPhone.Build.0 = Release|Any CPU
		{6C382CBB-9704-412F-AB44-AF564DCF5067}.Ad-Hoc|iPhone.Build.0 = Release|Any CPU
		{6C382CBB-9704-412F-AB44-AF564DCF5067}.AdHoc|iPhoneSimulator.ActiveCfg = Release|Any CPU
		{6C382CBB-9704-412F-AB44-AF564DCF5067}.Ad-Hoc|iPhoneSimulator.ActiveCfg = Release|Any CPU
		{6C382CBB-9704-412F-AB44-AF564DCF5067}.AdHoc|iPhoneSimulator.Build.0 = Release|Any CPU
		{6C382CBB-9704-412F-AB44-AF564DCF5067}.Ad-Hoc|iPhoneSimulator.Build.0 = Release|Any CPU
		{6C382CBB-9704-412F-AB44-AF564DCF5067}.AdHoc|Mixed Platforms.ActiveCfg = Release|Any CPU
		{6C382CBB-9704-412F-AB44-AF564DCF5067}.Ad-Hoc|Mixed Platforms.ActiveCfg = Release|Any CPU
		{6C382CBB-9704-412F-AB44-AF564DCF5067}.AdHoc|Mixed Platforms.Build.0 = Release|Any CPU
		{6C382CBB-9704-412F-AB44-AF564DCF5067}.Ad-Hoc|Mixed Platforms.Build.0 = Release|Any CPU
		{6C382CBB-9704-412F-AB44-AF564DCF5067}.AppStore|Any CPU.ActiveCfg = Release|Any CPU
		{6C382CBB-9704-412F-AB44-AF564DCF5067}.AppStore|Any CPU.Build.0 = Release|Any CPU
		{6C382CBB-9704-412F-AB44-AF564DCF5067}.AppStore|iPhone.ActiveCfg = Release|Any CPU
		{6C382CBB-9704-412F-AB44-AF564DCF5067}.AppStore|iPhone.Build.0 = Release|Any CPU
		{6C382CBB-9704-412F-AB44-AF564DCF5067}.AppStore|iPhoneSimulator.ActiveCfg = Release|Any CPU
		{6C382CBB-9704-412F-AB44-AF564DCF5067}.AppStore|iPhoneSimulator.Build.0 = Release|Any CPU
		{6C382CBB-9704-412F-AB44-AF564DCF5067}.AppStore|Mixed Platforms.ActiveCfg = Release|Any CPU
		{6C382CBB-9704-412F-AB44-AF564DCF5067}.AppStore|Mixed Platforms.Build.0 = Release|Any CPU
		{6C382CBB-9704-412F-AB44-AF564DCF5067}.Debug|Any CPU.ActiveCfg = Debug|Any CPU
		{6C382CBB-9704-412F-AB44-AF564DCF5067}.Debug|Any CPU.Build.0 = Debug|Any CPU
		{6C382CBB-9704-412F-AB44-AF564DCF5067}.Debug|iPhone.ActiveCfg = Debug|Any CPU
		{6C382CBB-9704-412F-AB44-AF564DCF5067}.Debug|iPhone.Build.0 = Debug|Any CPU
		{6C382CBB-9704-412F-AB44-AF564DCF5067}.Debug|iPhoneSimulator.ActiveCfg = Debug|Any CPU
		{6C382CBB-9704-412F-AB44-AF564DCF5067}.Debug|iPhoneSimulator.Build.0 = Debug|Any CPU
		{6C382CBB-9704-412F-AB44-AF564DCF5067}.Debug|Mixed Platforms.ActiveCfg = Debug|Any CPU
		{6C382CBB-9704-412F-AB44-AF564DCF5067}.Debug|Mixed Platforms.Build.0 = Debug|Any CPU
		{6C382CBB-9704-412F-AB44-AF564DCF5067}.Distribution|Any CPU.ActiveCfg = Release|Any CPU
		{6C382CBB-9704-412F-AB44-AF564DCF5067}.Distribution|Any CPU.Build.0 = Release|Any CPU
		{6C382CBB-9704-412F-AB44-AF564DCF5067}.Distribution|iPhone.ActiveCfg = Release|Any CPU
		{6C382CBB-9704-412F-AB44-AF564DCF5067}.Distribution|iPhone.Build.0 = Release|Any CPU
		{6C382CBB-9704-412F-AB44-AF564DCF5067}.Distribution|iPhoneSimulator.ActiveCfg = Release|Any CPU
		{6C382CBB-9704-412F-AB44-AF564DCF5067}.Distribution|iPhoneSimulator.Build.0 = Release|Any CPU
		{6C382CBB-9704-412F-AB44-AF564DCF5067}.Distribution|Mixed Platforms.ActiveCfg = Release|Any CPU
		{6C382CBB-9704-412F-AB44-AF564DCF5067}.Distribution|Mixed Platforms.Build.0 = Release|Any CPU
		{6C382CBB-9704-412F-AB44-AF564DCF5067}.Release|Any CPU.ActiveCfg = Release|Any CPU
		{6C382CBB-9704-412F-AB44-AF564DCF5067}.Release|Any CPU.Build.0 = Release|Any CPU
		{6C382CBB-9704-412F-AB44-AF564DCF5067}.Release|iPhone.ActiveCfg = Release|Any CPU
		{6C382CBB-9704-412F-AB44-AF564DCF5067}.Release|iPhone.Build.0 = Release|Any CPU
		{6C382CBB-9704-412F-AB44-AF564DCF5067}.Release|iPhoneSimulator.ActiveCfg = Release|Any CPU
		{6C382CBB-9704-412F-AB44-AF564DCF5067}.Release|iPhoneSimulator.Build.0 = Release|Any CPU
		{6C382CBB-9704-412F-AB44-AF564DCF5067}.Release|Mixed Platforms.ActiveCfg = Release|Any CPU
		{6C382CBB-9704-412F-AB44-AF564DCF5067}.Release|Mixed Platforms.Build.0 = Release|Any CPU
		{B7ED3825-4F3A-40EE-A1CF-2A81F61744D4}.AdHoc|Any CPU.ActiveCfg = AdHoc|iPhoneSimulator
		{B7ED3825-4F3A-40EE-A1CF-2A81F61744D4}.Ad-Hoc|Any CPU.ActiveCfg = AdHoc|iPhoneSimulator
		{B7ED3825-4F3A-40EE-A1CF-2A81F61744D4}.AdHoc|Any CPU.Build.0 = AdHoc|iPhoneSimulator
		{B7ED3825-4F3A-40EE-A1CF-2A81F61744D4}.Ad-Hoc|Any CPU.Build.0 = AdHoc|iPhoneSimulator
		{B7ED3825-4F3A-40EE-A1CF-2A81F61744D4}.AdHoc|iPhone.ActiveCfg = AdHoc|iPhone
		{B7ED3825-4F3A-40EE-A1CF-2A81F61744D4}.Ad-Hoc|iPhone.ActiveCfg = AdHoc|iPhone
		{B7ED3825-4F3A-40EE-A1CF-2A81F61744D4}.AdHoc|iPhone.Build.0 = AdHoc|iPhone
		{B7ED3825-4F3A-40EE-A1CF-2A81F61744D4}.Ad-Hoc|iPhone.Build.0 = AdHoc|iPhone
		{B7ED3825-4F3A-40EE-A1CF-2A81F61744D4}.AdHoc|iPhoneSimulator.ActiveCfg = AdHoc|iPhoneSimulator
		{B7ED3825-4F3A-40EE-A1CF-2A81F61744D4}.Ad-Hoc|iPhoneSimulator.ActiveCfg = AdHoc|iPhoneSimulator
		{B7ED3825-4F3A-40EE-A1CF-2A81F61744D4}.AdHoc|iPhoneSimulator.Build.0 = AdHoc|iPhoneSimulator
		{B7ED3825-4F3A-40EE-A1CF-2A81F61744D4}.Ad-Hoc|iPhoneSimulator.Build.0 = AdHoc|iPhoneSimulator
		{B7ED3825-4F3A-40EE-A1CF-2A81F61744D4}.AdHoc|Mixed Platforms.ActiveCfg = AdHoc|iPhoneSimulator
		{B7ED3825-4F3A-40EE-A1CF-2A81F61744D4}.Ad-Hoc|Mixed Platforms.ActiveCfg = AdHoc|iPhoneSimulator
		{B7ED3825-4F3A-40EE-A1CF-2A81F61744D4}.AdHoc|Mixed Platforms.Build.0 = AdHoc|iPhoneSimulator
		{B7ED3825-4F3A-40EE-A1CF-2A81F61744D4}.Ad-Hoc|Mixed Platforms.Build.0 = AdHoc|iPhoneSimulator
		{B7ED3825-4F3A-40EE-A1CF-2A81F61744D4}.AppStore|Any CPU.ActiveCfg = AdHoc|iPhoneSimulator
		{B7ED3825-4F3A-40EE-A1CF-2A81F61744D4}.AppStore|Any CPU.Build.0 = AdHoc|iPhoneSimulator
		{B7ED3825-4F3A-40EE-A1CF-2A81F61744D4}.AppStore|iPhone.ActiveCfg = AdHoc|iPhone
		{B7ED3825-4F3A-40EE-A1CF-2A81F61744D4}.AppStore|iPhone.Build.0 = AdHoc|iPhone
		{B7ED3825-4F3A-40EE-A1CF-2A81F61744D4}.AppStore|iPhoneSimulator.ActiveCfg = AdHoc|iPhoneSimulator
		{B7ED3825-4F3A-40EE-A1CF-2A81F61744D4}.AppStore|iPhoneSimulator.Build.0 = AdHoc|iPhoneSimulator
		{B7ED3825-4F3A-40EE-A1CF-2A81F61744D4}.AppStore|Mixed Platforms.ActiveCfg = AdHoc|iPhoneSimulator
		{B7ED3825-4F3A-40EE-A1CF-2A81F61744D4}.AppStore|Mixed Platforms.Build.0 = AdHoc|iPhoneSimulator
		{B7ED3825-4F3A-40EE-A1CF-2A81F61744D4}.Debug|Any CPU.ActiveCfg = Debug|iPhoneSimulator
		{B7ED3825-4F3A-40EE-A1CF-2A81F61744D4}.Debug|Any CPU.Build.0 = Debug|iPhoneSimulator
		{B7ED3825-4F3A-40EE-A1CF-2A81F61744D4}.Debug|iPhone.ActiveCfg = Debug|iPhone
		{B7ED3825-4F3A-40EE-A1CF-2A81F61744D4}.Debug|iPhone.Build.0 = Debug|iPhone
		{B7ED3825-4F3A-40EE-A1CF-2A81F61744D4}.Debug|iPhoneSimulator.ActiveCfg = Debug|iPhoneSimulator
		{B7ED3825-4F3A-40EE-A1CF-2A81F61744D4}.Debug|iPhoneSimulator.Build.0 = Debug|iPhoneSimulator
		{B7ED3825-4F3A-40EE-A1CF-2A81F61744D4}.Debug|Mixed Platforms.ActiveCfg = Debug|iPhoneSimulator
		{B7ED3825-4F3A-40EE-A1CF-2A81F61744D4}.Debug|Mixed Platforms.Build.0 = Debug|iPhoneSimulator
		{B7ED3825-4F3A-40EE-A1CF-2A81F61744D4}.Distribution|Any CPU.ActiveCfg = Distribution|iPhoneSimulator
		{B7ED3825-4F3A-40EE-A1CF-2A81F61744D4}.Distribution|Any CPU.Build.0 = Distribution|iPhoneSimulator
		{B7ED3825-4F3A-40EE-A1CF-2A81F61744D4}.Distribution|iPhone.ActiveCfg = Distribution|iPhone
		{B7ED3825-4F3A-40EE-A1CF-2A81F61744D4}.Distribution|iPhone.Build.0 = Distribution|iPhone
		{B7ED3825-4F3A-40EE-A1CF-2A81F61744D4}.Distribution|iPhoneSimulator.ActiveCfg = Distribution|iPhoneSimulator
		{B7ED3825-4F3A-40EE-A1CF-2A81F61744D4}.Distribution|iPhoneSimulator.Build.0 = Distribution|iPhoneSimulator
		{B7ED3825-4F3A-40EE-A1CF-2A81F61744D4}.Distribution|Mixed Platforms.ActiveCfg = Distribution|iPhoneSimulator
		{B7ED3825-4F3A-40EE-A1CF-2A81F61744D4}.Distribution|Mixed Platforms.Build.0 = Distribution|iPhoneSimulator
		{B7ED3825-4F3A-40EE-A1CF-2A81F61744D4}.Release|Any CPU.ActiveCfg = Release|iPhoneSimulator
		{B7ED3825-4F3A-40EE-A1CF-2A81F61744D4}.Release|Any CPU.Build.0 = Release|iPhoneSimulator
		{B7ED3825-4F3A-40EE-A1CF-2A81F61744D4}.Release|iPhone.ActiveCfg = Release|iPhone
		{B7ED3825-4F3A-40EE-A1CF-2A81F61744D4}.Release|iPhone.Build.0 = Release|iPhone
		{B7ED3825-4F3A-40EE-A1CF-2A81F61744D4}.Release|iPhoneSimulator.ActiveCfg = Release|iPhoneSimulator
		{B7ED3825-4F3A-40EE-A1CF-2A81F61744D4}.Release|iPhoneSimulator.Build.0 = Release|iPhoneSimulator
		{B7ED3825-4F3A-40EE-A1CF-2A81F61744D4}.Release|Mixed Platforms.ActiveCfg = Release|iPhoneSimulator
		{B7ED3825-4F3A-40EE-A1CF-2A81F61744D4}.Release|Mixed Platforms.Build.0 = Release|iPhoneSimulator
		{CAA47381-0DBB-461D-8EB6-4D00AC453656}.AdHoc|Any CPU.ActiveCfg = AdHoc|iPhoneSimulator
		{CAA47381-0DBB-461D-8EB6-4D00AC453656}.Ad-Hoc|Any CPU.ActiveCfg = AdHoc|iPhoneSimulator
		{CAA47381-0DBB-461D-8EB6-4D00AC453656}.AdHoc|iPhone.ActiveCfg = AdHoc|iPhone
		{CAA47381-0DBB-461D-8EB6-4D00AC453656}.Ad-Hoc|iPhone.ActiveCfg = AdHoc|iPhone
		{CAA47381-0DBB-461D-8EB6-4D00AC453656}.AdHoc|iPhone.Build.0 = AdHoc|iPhone
		{CAA47381-0DBB-461D-8EB6-4D00AC453656}.Ad-Hoc|iPhone.Build.0 = AdHoc|iPhone
		{CAA47381-0DBB-461D-8EB6-4D00AC453656}.AdHoc|iPhoneSimulator.ActiveCfg = AdHoc|iPhone
		{CAA47381-0DBB-461D-8EB6-4D00AC453656}.Ad-Hoc|iPhoneSimulator.ActiveCfg = AdHoc|iPhoneSimulator
		{CAA47381-0DBB-461D-8EB6-4D00AC453656}.Ad-Hoc|iPhoneSimulator.Build.0 = AdHoc|iPhoneSimulator
		{CAA47381-0DBB-461D-8EB6-4D00AC453656}.AdHoc|Mixed Platforms.ActiveCfg = AdHoc|iPhoneSimulator
		{CAA47381-0DBB-461D-8EB6-4D00AC453656}.Ad-Hoc|Mixed Platforms.ActiveCfg = AdHoc|iPhoneSimulator
		{CAA47381-0DBB-461D-8EB6-4D00AC453656}.AdHoc|Mixed Platforms.Build.0 = AdHoc|iPhoneSimulator
		{CAA47381-0DBB-461D-8EB6-4D00AC453656}.Ad-Hoc|Mixed Platforms.Build.0 = AdHoc|iPhoneSimulator
		{CAA47381-0DBB-461D-8EB6-4D00AC453656}.AppStore|Any CPU.ActiveCfg = AdHoc|iPhoneSimulator
		{CAA47381-0DBB-461D-8EB6-4D00AC453656}.AppStore|iPhone.ActiveCfg = AdHoc|iPhone
		{CAA47381-0DBB-461D-8EB6-4D00AC453656}.AppStore|iPhone.Build.0 = AdHoc|iPhone
		{CAA47381-0DBB-461D-8EB6-4D00AC453656}.AppStore|iPhoneSimulator.ActiveCfg = AdHoc|iPhoneSimulator
		{CAA47381-0DBB-461D-8EB6-4D00AC453656}.AppStore|iPhoneSimulator.Build.0 = AdHoc|iPhoneSimulator
		{CAA47381-0DBB-461D-8EB6-4D00AC453656}.AppStore|Mixed Platforms.ActiveCfg = AdHoc|iPhoneSimulator
		{CAA47381-0DBB-461D-8EB6-4D00AC453656}.AppStore|Mixed Platforms.Build.0 = AdHoc|iPhoneSimulator
		{CAA47381-0DBB-461D-8EB6-4D00AC453656}.Debug|Any CPU.ActiveCfg = Debug|iPhoneSimulator
		{CAA47381-0DBB-461D-8EB6-4D00AC453656}.Debug|iPhone.ActiveCfg = Debug|iPhone
		{CAA47381-0DBB-461D-8EB6-4D00AC453656}.Debug|iPhone.Build.0 = Debug|iPhone
		{CAA47381-0DBB-461D-8EB6-4D00AC453656}.Debug|iPhoneSimulator.ActiveCfg = Debug|iPhoneSimulator
		{CAA47381-0DBB-461D-8EB6-4D00AC453656}.Debug|iPhoneSimulator.Build.0 = Debug|iPhoneSimulator
		{CAA47381-0DBB-461D-8EB6-4D00AC453656}.Debug|Mixed Platforms.ActiveCfg = Debug|iPhoneSimulator
		{CAA47381-0DBB-461D-8EB6-4D00AC453656}.Debug|Mixed Platforms.Build.0 = Debug|iPhoneSimulator
		{CAA47381-0DBB-461D-8EB6-4D00AC453656}.Distribution|Any CPU.ActiveCfg = Distribution|iPhoneSimulator
		{CAA47381-0DBB-461D-8EB6-4D00AC453656}.Distribution|iPhone.ActiveCfg = Distribution|iPhone
		{CAA47381-0DBB-461D-8EB6-4D00AC453656}.Distribution|iPhone.Build.0 = Distribution|iPhone
		{CAA47381-0DBB-461D-8EB6-4D00AC453656}.Distribution|iPhoneSimulator.ActiveCfg = Distribution|iPhone
		{CAA47381-0DBB-461D-8EB6-4D00AC453656}.Distribution|Mixed Platforms.ActiveCfg = Distribution|iPhoneSimulator
		{CAA47381-0DBB-461D-8EB6-4D00AC453656}.Distribution|Mixed Platforms.Build.0 = Distribution|iPhoneSimulator
		{CAA47381-0DBB-461D-8EB6-4D00AC453656}.Release|Any CPU.ActiveCfg = Release|iPhoneSimulator
		{CAA47381-0DBB-461D-8EB6-4D00AC453656}.Release|iPhone.ActiveCfg = Release|iPhone
		{CAA47381-0DBB-461D-8EB6-4D00AC453656}.Release|iPhone.Build.0 = Release|iPhone
		{CAA47381-0DBB-461D-8EB6-4D00AC453656}.Release|iPhoneSimulator.ActiveCfg = Release|iPhoneSimulator
		{CAA47381-0DBB-461D-8EB6-4D00AC453656}.Release|iPhoneSimulator.Build.0 = Release|iPhoneSimulator
		{CAA47381-0DBB-461D-8EB6-4D00AC453656}.Release|Mixed Platforms.ActiveCfg = Release|iPhoneSimulator
		{CAA47381-0DBB-461D-8EB6-4D00AC453656}.Release|Mixed Platforms.Build.0 = Release|iPhoneSimulator
		{D3A226A1-6118-44B6-B885-5BE630389DFB}.AdHoc|Any CPU.ActiveCfg = Ad-Hoc|iPhone
		{D3A226A1-6118-44B6-B885-5BE630389DFB}.Ad-Hoc|Any CPU.ActiveCfg = Ad-Hoc|iPhone
		{D3A226A1-6118-44B6-B885-5BE630389DFB}.AdHoc|iPhone.ActiveCfg = Ad-Hoc|iPhone
		{D3A226A1-6118-44B6-B885-5BE630389DFB}.Ad-Hoc|iPhone.ActiveCfg = Ad-Hoc|iPhone
		{D3A226A1-6118-44B6-B885-5BE630389DFB}.AdHoc|iPhone.Build.0 = Ad-Hoc|iPhone
		{D3A226A1-6118-44B6-B885-5BE630389DFB}.Ad-Hoc|iPhone.Build.0 = Ad-Hoc|iPhone
		{D3A226A1-6118-44B6-B885-5BE630389DFB}.AdHoc|iPhoneSimulator.ActiveCfg = Ad-Hoc|iPhoneSimulator
		{D3A226A1-6118-44B6-B885-5BE630389DFB}.Ad-Hoc|iPhoneSimulator.ActiveCfg = Ad-Hoc|iPhoneSimulator
		{D3A226A1-6118-44B6-B885-5BE630389DFB}.AdHoc|iPhoneSimulator.Build.0 = Ad-Hoc|iPhoneSimulator
		{D3A226A1-6118-44B6-B885-5BE630389DFB}.Ad-Hoc|iPhoneSimulator.Build.0 = Ad-Hoc|iPhoneSimulator
		{D3A226A1-6118-44B6-B885-5BE630389DFB}.AdHoc|Mixed Platforms.ActiveCfg = Ad-Hoc|iPhone
		{D3A226A1-6118-44B6-B885-5BE630389DFB}.Ad-Hoc|Mixed Platforms.ActiveCfg = Ad-Hoc|iPhone
		{D3A226A1-6118-44B6-B885-5BE630389DFB}.AdHoc|Mixed Platforms.Build.0 = Ad-Hoc|iPhone
		{D3A226A1-6118-44B6-B885-5BE630389DFB}.Ad-Hoc|Mixed Platforms.Build.0 = Ad-Hoc|iPhone
		{D3A226A1-6118-44B6-B885-5BE630389DFB}.AppStore|Any CPU.ActiveCfg = AppStore|iPhone
		{D3A226A1-6118-44B6-B885-5BE630389DFB}.AppStore|iPhone.ActiveCfg = AppStore|iPhone
		{D3A226A1-6118-44B6-B885-5BE630389DFB}.AppStore|iPhone.Build.0 = AppStore|iPhone
		{D3A226A1-6118-44B6-B885-5BE630389DFB}.AppStore|iPhoneSimulator.ActiveCfg = AppStore|iPhoneSimulator
		{D3A226A1-6118-44B6-B885-5BE630389DFB}.AppStore|iPhoneSimulator.Build.0 = AppStore|iPhoneSimulator
		{D3A226A1-6118-44B6-B885-5BE630389DFB}.AppStore|Mixed Platforms.ActiveCfg = AppStore|iPhone
		{D3A226A1-6118-44B6-B885-5BE630389DFB}.AppStore|Mixed Platforms.Build.0 = AppStore|iPhone
		{D3A226A1-6118-44B6-B885-5BE630389DFB}.Debug|Any CPU.ActiveCfg = Debug|iPhone
		{D3A226A1-6118-44B6-B885-5BE630389DFB}.Debug|iPhone.ActiveCfg = Debug|iPhone
		{D3A226A1-6118-44B6-B885-5BE630389DFB}.Debug|iPhone.Build.0 = Debug|iPhone
		{D3A226A1-6118-44B6-B885-5BE630389DFB}.Debug|iPhoneSimulator.ActiveCfg = Debug|iPhoneSimulator
		{D3A226A1-6118-44B6-B885-5BE630389DFB}.Debug|iPhoneSimulator.Build.0 = Debug|iPhoneSimulator
		{D3A226A1-6118-44B6-B885-5BE630389DFB}.Debug|Mixed Platforms.ActiveCfg = Debug|iPhone
		{D3A226A1-6118-44B6-B885-5BE630389DFB}.Debug|Mixed Platforms.Build.0 = Debug|iPhone
		{D3A226A1-6118-44B6-B885-5BE630389DFB}.Distribution|Any CPU.ActiveCfg = Debug|iPhone
		{D3A226A1-6118-44B6-B885-5BE630389DFB}.Distribution|iPhone.ActiveCfg = Debug|iPhone
		{D3A226A1-6118-44B6-B885-5BE630389DFB}.Distribution|iPhone.Build.0 = Debug|iPhone
		{D3A226A1-6118-44B6-B885-5BE630389DFB}.Distribution|iPhoneSimulator.ActiveCfg = Debug|iPhoneSimulator
		{D3A226A1-6118-44B6-B885-5BE630389DFB}.Distribution|iPhoneSimulator.Build.0 = Debug|iPhoneSimulator
		{D3A226A1-6118-44B6-B885-5BE630389DFB}.Distribution|Mixed Platforms.ActiveCfg = Debug|iPhone
		{D3A226A1-6118-44B6-B885-5BE630389DFB}.Distribution|Mixed Platforms.Build.0 = Debug|iPhone
		{D3A226A1-6118-44B6-B885-5BE630389DFB}.Release|Any CPU.ActiveCfg = Release|iPhone
		{D3A226A1-6118-44B6-B885-5BE630389DFB}.Release|iPhone.ActiveCfg = Release|iPhone
		{D3A226A1-6118-44B6-B885-5BE630389DFB}.Release|iPhone.Build.0 = Release|iPhone
		{D3A226A1-6118-44B6-B885-5BE630389DFB}.Release|iPhoneSimulator.ActiveCfg = Release|iPhoneSimulator
		{D3A226A1-6118-44B6-B885-5BE630389DFB}.Release|iPhoneSimulator.Build.0 = Release|iPhoneSimulator
		{D3A226A1-6118-44B6-B885-5BE630389DFB}.Release|Mixed Platforms.ActiveCfg = Release|iPhone
		{D3A226A1-6118-44B6-B885-5BE630389DFB}.Release|Mixed Platforms.Build.0 = Release|iPhone
		{E483C044-6672-4E9E-8699-B2D709E55660}.AdHoc|Any CPU.ActiveCfg = Release|Any CPU
		{E483C044-6672-4E9E-8699-B2D709E55660}.Ad-Hoc|Any CPU.ActiveCfg = Release|Any CPU
		{E483C044-6672-4E9E-8699-B2D709E55660}.AdHoc|Any CPU.Build.0 = Release|Any CPU
		{E483C044-6672-4E9E-8699-B2D709E55660}.Ad-Hoc|Any CPU.Build.0 = Release|Any CPU
		{E483C044-6672-4E9E-8699-B2D709E55660}.AdHoc|iPhone.ActiveCfg = Release|Any CPU
		{E483C044-6672-4E9E-8699-B2D709E55660}.Ad-Hoc|iPhone.ActiveCfg = Release|Any CPU
		{E483C044-6672-4E9E-8699-B2D709E55660}.AdHoc|iPhoneSimulator.ActiveCfg = Release|Any CPU
		{E483C044-6672-4E9E-8699-B2D709E55660}.Ad-Hoc|iPhoneSimulator.ActiveCfg = Release|Any CPU
		{E483C044-6672-4E9E-8699-B2D709E55660}.AdHoc|Mixed Platforms.ActiveCfg = Release|Any CPU
		{E483C044-6672-4E9E-8699-B2D709E55660}.Ad-Hoc|Mixed Platforms.ActiveCfg = Release|Any CPU
		{E483C044-6672-4E9E-8699-B2D709E55660}.AdHoc|Mixed Platforms.Build.0 = Release|Any CPU
		{E483C044-6672-4E9E-8699-B2D709E55660}.Ad-Hoc|Mixed Platforms.Build.0 = Release|Any CPU
		{E483C044-6672-4E9E-8699-B2D709E55660}.AppStore|Any CPU.ActiveCfg = Release|Any CPU
		{E483C044-6672-4E9E-8699-B2D709E55660}.AppStore|Any CPU.Build.0 = Release|Any CPU
		{E483C044-6672-4E9E-8699-B2D709E55660}.AppStore|iPhone.ActiveCfg = Release|Any CPU
		{E483C044-6672-4E9E-8699-B2D709E55660}.AppStore|iPhoneSimulator.ActiveCfg = Release|Any CPU
		{E483C044-6672-4E9E-8699-B2D709E55660}.AppStore|Mixed Platforms.ActiveCfg = Release|Any CPU
		{E483C044-6672-4E9E-8699-B2D709E55660}.AppStore|Mixed Platforms.Build.0 = Release|Any CPU
		{E483C044-6672-4E9E-8699-B2D709E55660}.Debug|Any CPU.ActiveCfg = Debug|Any CPU
		{E483C044-6672-4E9E-8699-B2D709E55660}.Debug|Any CPU.Build.0 = Debug|Any CPU
		{E483C044-6672-4E9E-8699-B2D709E55660}.Debug|iPhone.ActiveCfg = Debug|Any CPU
		{E483C044-6672-4E9E-8699-B2D709E55660}.Debug|iPhoneSimulator.ActiveCfg = Debug|Any CPU
		{E483C044-6672-4E9E-8699-B2D709E55660}.Debug|Mixed Platforms.ActiveCfg = Debug|Any CPU
		{E483C044-6672-4E9E-8699-B2D709E55660}.Debug|Mixed Platforms.Build.0 = Debug|Any CPU
		{E483C044-6672-4E9E-8699-B2D709E55660}.Distribution|Any CPU.ActiveCfg = Debug|Any CPU
		{E483C044-6672-4E9E-8699-B2D709E55660}.Distribution|Any CPU.Build.0 = Debug|Any CPU
		{E483C044-6672-4E9E-8699-B2D709E55660}.Distribution|iPhone.ActiveCfg = Debug|Any CPU
		{E483C044-6672-4E9E-8699-B2D709E55660}.Distribution|iPhoneSimulator.ActiveCfg = Debug|Any CPU
		{E483C044-6672-4E9E-8699-B2D709E55660}.Distribution|Mixed Platforms.ActiveCfg = Debug|Any CPU
		{E483C044-6672-4E9E-8699-B2D709E55660}.Distribution|Mixed Platforms.Build.0 = Debug|Any CPU
		{E483C044-6672-4E9E-8699-B2D709E55660}.Release|Any CPU.ActiveCfg = Release|Any CPU
		{E483C044-6672-4E9E-8699-B2D709E55660}.Release|Any CPU.Build.0 = Release|Any CPU
		{E483C044-6672-4E9E-8699-B2D709E55660}.Release|iPhone.ActiveCfg = Release|Any CPU
		{E483C044-6672-4E9E-8699-B2D709E55660}.Release|iPhoneSimulator.ActiveCfg = Release|Any CPU
		{E483C044-6672-4E9E-8699-B2D709E55660}.Release|Mixed Platforms.ActiveCfg = Release|Any CPU
		{E483C044-6672-4E9E-8699-B2D709E55660}.Release|Mixed Platforms.Build.0 = Release|Any CPU
	EndGlobalSection
	GlobalSection(NestedProjects) = preSolution
	EndGlobalSection
	GlobalSection(MonoDevelopProperties) = preSolution
		StartupItem = ios\ios.csproj
		Policies = $0
		$0.TextStylePolicy = $1
		$1.inheritsSet = VisualStudio
		$1.inheritsScope = text/plain
		$1.scope = text/x-csharp
		$0.CSharpFormattingPolicy = $2
		$2.IndentSwitchBody = True
		$2.AnonymousMethodBraceStyle = NextLine
		$2.PropertyBraceStyle = NextLine
		$2.PropertyGetBraceStyle = NextLine
		$2.PropertySetBraceStyle = NextLine
		$2.EventBraceStyle = NextLine
		$2.EventAddBraceStyle = NextLine
		$2.EventRemoveBraceStyle = NextLine
		$2.StatementBraceStyle = NextLine
		$2.ElseNewLinePlacement = NewLine
		$2.CatchNewLinePlacement = NewLine
		$2.FinallyNewLinePlacement = NewLine
		$2.WhileNewLinePlacement = DoNotCare
		$2.ArrayInitializerWrapping = DoNotChange
		$2.ArrayInitializerBraceStyle = NextLine
		$2.BeforeMethodDeclarationParentheses = False
		$2.BeforeMethodCallParentheses = False
		$2.BeforeConstructorDeclarationParentheses = False
		$2.BeforeDelegateDeclarationParentheses = False
		$2.NewParentheses = False
		$2.SpacesBeforeBrackets = False
		$2.inheritsSet = Mono
		$2.inheritsScope = text/x-csharp
		$2.scope = text/x-csharp
		description = iOS5.1 and iCloud compatibility
		version = 1.4
	EndGlobalSection
	GlobalSection(SolutionProperties) = preSolution
		HideSolutionNode = FALSE
	EndGlobalSection
EndGlobal
