
Microsoft Visual Studio Solution File, Format Version 12.00
# Visual Studio 2012
Project("{FAE04EC0-301F-11D3-BF4B-00C04F79EFBC}") = "core.monotouch", "core\core.monotouch.csproj", "{CAA47381-0DBB-461D-8EB6-4D00AC453656}"
EndProject
Project("{FAE04EC0-301F-11D3-BF4B-00C04F79EFBC}") = "ios", "ios\ios.csproj", "{D102E44A-1BE6-4B20-906F-F4DD5B1D3AED}"
EndProject
Project("{FAE04EC0-301F-11D3-BF4B-00C04F79EFBC}") = "core.net", "core\core.net.csproj", "{0CB56315-CD8F-44A3-822E-B7B33F736241}"
EndProject
Project("{FAE04EC0-301F-11D3-BF4B-00C04F79EFBC}") = "core.net.unittests", "core.net.unittests\core.net.unittests.csproj", "{61B19742-32C5-455F-AFB3-045ADD0696AE}"
EndProject
Project("{FAE04EC0-301F-11D3-BF4B-00C04F79EFBC}") = "core.net.integrationtests", "core.net.integrationtests\core.net.integrationtests.csproj", "{E483C044-6672-4E9E-8699-B2D709E55660}"
EndProject
Global
	GlobalSection(SolutionConfigurationPlatforms) = preSolution
		AdHoc|Any CPU = AdHoc|Any CPU
		Ad-Hoc|Any CPU = Ad-Hoc|Any CPU
		AdHoc|iPhone = AdHoc|iPhone
		Ad-Hoc|iPhone = Ad-Hoc|iPhone
		AdHoc|iPhoneSimulator = AdHoc|iPhoneSimulator
		Ad-Hoc|iPhoneSimulator = Ad-Hoc|iPhoneSimulator
		AdHoc|Mixed Platforms = AdHoc|Mixed Platforms
		Ad-Hoc|Mixed Platforms = Ad-Hoc|Mixed Platforms
		AppStore|Any CPU = AppStore|Any CPU
		AppStore|iPhone = AppStore|iPhone
		AppStore|iPhoneSimulator = AppStore|iPhoneSimulator
		AppStore|Mixed Platforms = AppStore|Mixed Platforms
		Debug|Any CPU = Debug|Any CPU
		Debug|iPhone = Debug|iPhone
		Debug|iPhoneSimulator = Debug|iPhoneSimulator
		Debug|Mixed Platforms = Debug|Mixed Platforms
		Distribution|Any CPU = Distribution|Any CPU
		Distribution|iPhone = Distribution|iPhone
		Distribution|iPhoneSimulator = Distribution|iPhoneSimulator
		Distribution|Mixed Platforms = Distribution|Mixed Platforms
		Release|Any CPU = Release|Any CPU
		Release|iPhone = Release|iPhone
		Release|iPhoneSimulator = Release|iPhoneSimulator
		Release|Mixed Platforms = Release|Mixed Platforms
	EndGlobalSection
	GlobalSection(ProjectConfigurationPlatforms) = postSolution
		{CAA47381-0DBB-461D-8EB6-4D00AC453656}.AdHoc|Any CPU.ActiveCfg = AdHoc|iPhoneSimulator
		{CAA47381-0DBB-461D-8EB6-4D00AC453656}.Ad-Hoc|Any CPU.ActiveCfg = AdHoc|iPhoneSimulator
		{CAA47381-0DBB-461D-8EB6-4D00AC453656}.AdHoc|iPhone.ActiveCfg = AdHoc|iPhone
		{CAA47381-0DBB-461D-8EB6-4D00AC453656}.AdHoc|iPhone.Build.0 = AdHoc|iPhone
		{CAA47381-0DBB-461D-8EB6-4D00AC453656}.Ad-Hoc|iPhone.ActiveCfg = AdHoc|iPhone
		{CAA47381-0DBB-461D-8EB6-4D00AC453656}.Ad-Hoc|iPhone.Build.0 = AdHoc|iPhone
		{CAA47381-0DBB-461D-8EB6-4D00AC453656}.AdHoc|iPhoneSimulator.ActiveCfg = AdHoc|iPhone
		{CAA47381-0DBB-461D-8EB6-4D00AC453656}.Ad-Hoc|iPhoneSimulator.ActiveCfg = AdHoc|iPhoneSimulator
		{CAA47381-0DBB-461D-8EB6-4D00AC453656}.Ad-Hoc|iPhoneSimulator.Build.0 = AdHoc|iPhoneSimulator
		{CAA47381-0DBB-461D-8EB6-4D00AC453656}.AdHoc|Mixed Platforms.ActiveCfg = AdHoc|iPhoneSimulator
		{CAA47381-0DBB-461D-8EB6-4D00AC453656}.AdHoc|Mixed Platforms.Build.0 = AdHoc|iPhoneSimulator
		{CAA47381-0DBB-461D-8EB6-4D00AC453656}.Ad-Hoc|Mixed Platforms.ActiveCfg = AdHoc|iPhoneSimulator
		{CAA47381-0DBB-461D-8EB6-4D00AC453656}.Ad-Hoc|Mixed Platforms.Build.0 = AdHoc|iPhoneSimulator
		{CAA47381-0DBB-461D-8EB6-4D00AC453656}.AppStore|Any CPU.ActiveCfg = AdHoc|iPhoneSimulator
		{CAA47381-0DBB-461D-8EB6-4D00AC453656}.AppStore|iPhone.ActiveCfg = AdHoc|iPhone
		{CAA47381-0DBB-461D-8EB6-4D00AC453656}.AppStore|iPhone.Build.0 = AdHoc|iPhone
		{CAA47381-0DBB-461D-8EB6-4D00AC453656}.AppStore|iPhoneSimulator.ActiveCfg = AdHoc|iPhoneSimulator
		{CAA47381-0DBB-461D-8EB6-4D00AC453656}.AppStore|iPhoneSimulator.Build.0 = AdHoc|iPhoneSimulator
		{CAA47381-0DBB-461D-8EB6-4D00AC453656}.AppStore|Mixed Platforms.ActiveCfg = AdHoc|iPhoneSimulator
		{CAA47381-0DBB-461D-8EB6-4D00AC453656}.AppStore|Mixed Platforms.Build.0 = AdHoc|iPhoneSimulator
		{CAA47381-0DBB-461D-8EB6-4D00AC453656}.Debug|Any CPU.ActiveCfg = Debug|iPhoneSimulator
		{CAA47381-0DBB-461D-8EB6-4D00AC453656}.Debug|iPhone.ActiveCfg = Debug|iPhone
		{CAA47381-0DBB-461D-8EB6-4D00AC453656}.Debug|iPhone.Build.0 = Debug|iPhone
		{CAA47381-0DBB-461D-8EB6-4D00AC453656}.Debug|iPhoneSimulator.ActiveCfg = Debug|iPhoneSimulator
		{CAA47381-0DBB-461D-8EB6-4D00AC453656}.Debug|iPhoneSimulator.Build.0 = Debug|iPhoneSimulator
		{CAA47381-0DBB-461D-8EB6-4D00AC453656}.Debug|Mixed Platforms.ActiveCfg = Debug|iPhoneSimulator
		{CAA47381-0DBB-461D-8EB6-4D00AC453656}.Debug|Mixed Platforms.Build.0 = Debug|iPhoneSimulator
		{CAA47381-0DBB-461D-8EB6-4D00AC453656}.Distribution|Any CPU.ActiveCfg = Distribution|iPhoneSimulator
		{CAA47381-0DBB-461D-8EB6-4D00AC453656}.Distribution|iPhone.ActiveCfg = Distribution|iPhone
		{CAA47381-0DBB-461D-8EB6-4D00AC453656}.Distribution|iPhone.Build.0 = Distribution|iPhone
		{CAA47381-0DBB-461D-8EB6-4D00AC453656}.Distribution|iPhoneSimulator.ActiveCfg = Distribution|iPhone
		{CAA47381-0DBB-461D-8EB6-4D00AC453656}.Distribution|Mixed Platforms.ActiveCfg = Distribution|iPhoneSimulator
		{CAA47381-0DBB-461D-8EB6-4D00AC453656}.Distribution|Mixed Platforms.Build.0 = Distribution|iPhoneSimulator
		{CAA47381-0DBB-461D-8EB6-4D00AC453656}.Release|Any CPU.ActiveCfg = Release|iPhoneSimulator
		{CAA47381-0DBB-461D-8EB6-4D00AC453656}.Release|iPhone.ActiveCfg = Release|iPhone
		{CAA47381-0DBB-461D-8EB6-4D00AC453656}.Release|iPhone.Build.0 = Release|iPhone
		{CAA47381-0DBB-461D-8EB6-4D00AC453656}.Release|iPhoneSimulator.ActiveCfg = Release|iPhoneSimulator
		{CAA47381-0DBB-461D-8EB6-4D00AC453656}.Release|iPhoneSimulator.Build.0 = Release|iPhoneSimulator
		{CAA47381-0DBB-461D-8EB6-4D00AC453656}.Release|Mixed Platforms.ActiveCfg = Release|iPhoneSimulator
		{CAA47381-0DBB-461D-8EB6-4D00AC453656}.Release|Mixed Platforms.Build.0 = Release|iPhoneSimulator
		{D102E44A-1BE6-4B20-906F-F4DD5B1D3AED}.AdHoc|Any CPU.ActiveCfg = AdHoc|iPhoneSimulator
		{D102E44A-1BE6-4B20-906F-F4DD5B1D3AED}.Ad-Hoc|Any CPU.ActiveCfg = AdHoc|iPhoneSimulator
		{D102E44A-1BE6-4B20-906F-F4DD5B1D3AED}.AdHoc|iPhone.ActiveCfg = AdHoc|iPhone
		{D102E44A-1BE6-4B20-906F-F4DD5B1D3AED}.AdHoc|iPhone.Build.0 = AdHoc|iPhone
		{D102E44A-1BE6-4B20-906F-F4DD5B1D3AED}.Ad-Hoc|iPhone.ActiveCfg = AdHoc|iPhone
		{D102E44A-1BE6-4B20-906F-F4DD5B1D3AED}.Ad-Hoc|iPhone.Build.0 = AdHoc|iPhone
		{D102E44A-1BE6-4B20-906F-F4DD5B1D3AED}.AdHoc|iPhoneSimulator.ActiveCfg = AdHoc|iPhone
		{D102E44A-1BE6-4B20-906F-F4DD5B1D3AED}.Ad-Hoc|iPhoneSimulator.ActiveCfg = AdHoc|iPhoneSimulator
		{D102E44A-1BE6-4B20-906F-F4DD5B1D3AED}.Ad-Hoc|iPhoneSimulator.Build.0 = AdHoc|iPhoneSimulator
		{D102E44A-1BE6-4B20-906F-F4DD5B1D3AED}.AdHoc|Mixed Platforms.ActiveCfg = AdHoc|iPhoneSimulator
		{D102E44A-1BE6-4B20-906F-F4DD5B1D3AED}.AdHoc|Mixed Platforms.Build.0 = AdHoc|iPhoneSimulator
		{D102E44A-1BE6-4B20-906F-F4DD5B1D3AED}.Ad-Hoc|Mixed Platforms.ActiveCfg = AdHoc|iPhoneSimulator
		{D102E44A-1BE6-4B20-906F-F4DD5B1D3AED}.Ad-Hoc|Mixed Platforms.Build.0 = AdHoc|iPhoneSimulator
		{D102E44A-1BE6-4B20-906F-F4DD5B1D3AED}.AppStore|Any CPU.ActiveCfg = AdHoc|iPhoneSimulator
		{D102E44A-1BE6-4B20-906F-F4DD5B1D3AED}.AppStore|iPhone.ActiveCfg = AdHoc|iPhone
		{D102E44A-1BE6-4B20-906F-F4DD5B1D3AED}.AppStore|iPhone.Build.0 = AdHoc|iPhone
		{D102E44A-1BE6-4B20-906F-F4DD5B1D3AED}.AppStore|iPhoneSimulator.ActiveCfg = AdHoc|iPhoneSimulator
		{D102E44A-1BE6-4B20-906F-F4DD5B1D3AED}.AppStore|iPhoneSimulator.Build.0 = AdHoc|iPhoneSimulator
		{D102E44A-1BE6-4B20-906F-F4DD5B1D3AED}.AppStore|Mixed Platforms.ActiveCfg = AdHoc|iPhoneSimulator
		{D102E44A-1BE6-4B20-906F-F4DD5B1D3AED}.AppStore|Mixed Platforms.Build.0 = AdHoc|iPhoneSimulator
		{D102E44A-1BE6-4B20-906F-F4DD5B1D3AED}.Debug|Any CPU.ActiveCfg = Debug|iPhoneSimulator
		{D102E44A-1BE6-4B20-906F-F4DD5B1D3AED}.Debug|iPhone.ActiveCfg = Debug|iPhone
		{D102E44A-1BE6-4B20-906F-F4DD5B1D3AED}.Debug|iPhone.Build.0 = Debug|iPhone
		{D102E44A-1BE6-4B20-906F-F4DD5B1D3AED}.Debug|iPhoneSimulator.ActiveCfg = Debug|iPhoneSimulator
		{D102E44A-1BE6-4B20-906F-F4DD5B1D3AED}.Debug|iPhoneSimulator.Build.0 = Debug|iPhoneSimulator
		{D102E44A-1BE6-4B20-906F-F4DD5B1D3AED}.Debug|Mixed Platforms.ActiveCfg = Debug|iPhoneSimulator
		{D102E44A-1BE6-4B20-906F-F4DD5B1D3AED}.Debug|Mixed Platforms.Build.0 = Debug|iPhoneSimulator
		{D102E44A-1BE6-4B20-906F-F4DD5B1D3AED}.Distribution|Any CPU.ActiveCfg = Distribution|iPhoneSimulator
		{D102E44A-1BE6-4B20-906F-F4DD5B1D3AED}.Distribution|iPhone.ActiveCfg = Distribution|iPhone
		{D102E44A-1BE6-4B20-906F-F4DD5B1D3AED}.Distribution|iPhone.Build.0 = Distribution|iPhone
		{D102E44A-1BE6-4B20-906F-F4DD5B1D3AED}.Distribution|iPhoneSimulator.ActiveCfg = Distribution|iPhone
		{D102E44A-1BE6-4B20-906F-F4DD5B1D3AED}.Distribution|Mixed Platforms.ActiveCfg = Distribution|iPhoneSimulator
		{D102E44A-1BE6-4B20-906F-F4DD5B1D3AED}.Distribution|Mixed Platforms.Build.0 = Distribution|iPhoneSimulator
		{D102E44A-1BE6-4B20-906F-F4DD5B1D3AED}.Release|Any CPU.ActiveCfg = Release|iPhoneSimulator
		{D102E44A-1BE6-4B20-906F-F4DD5B1D3AED}.Release|iPhone.ActiveCfg = Release|iPhone
		{D102E44A-1BE6-4B20-906F-F4DD5B1D3AED}.Release|iPhone.Build.0 = Release|iPhone
		{D102E44A-1BE6-4B20-906F-F4DD5B1D3AED}.Release|iPhoneSimulator.ActiveCfg = Release|iPhoneSimulator
		{D102E44A-1BE6-4B20-906F-F4DD5B1D3AED}.Release|iPhoneSimulator.Build.0 = Release|iPhoneSimulator
		{D102E44A-1BE6-4B20-906F-F4DD5B1D3AED}.Release|Mixed Platforms.ActiveCfg = Release|iPhoneSimulator
		{D102E44A-1BE6-4B20-906F-F4DD5B1D3AED}.Release|Mixed Platforms.Build.0 = Release|iPhoneSimulator
		{0CB56315-CD8F-44A3-822E-B7B33F736241}.AdHoc|Any CPU.ActiveCfg = Release|Any CPU
		{0CB56315-CD8F-44A3-822E-B7B33F736241}.AdHoc|Any CPU.Build.0 = Release|Any CPU
		{0CB56315-CD8F-44A3-822E-B7B33F736241}.Ad-Hoc|Any CPU.ActiveCfg = Release|Any CPU
		{0CB56315-CD8F-44A3-822E-B7B33F736241}.Ad-Hoc|Any CPU.Build.0 = Release|Any CPU
		{0CB56315-CD8F-44A3-822E-B7B33F736241}.AdHoc|iPhone.ActiveCfg = Release|Any CPU
		{0CB56315-CD8F-44A3-822E-B7B33F736241}.Ad-Hoc|iPhone.ActiveCfg = Release|Any CPU
		{0CB56315-CD8F-44A3-822E-B7B33F736241}.AdHoc|iPhoneSimulator.ActiveCfg = Release|Any CPU
		{0CB56315-CD8F-44A3-822E-B7B33F736241}.Ad-Hoc|iPhoneSimulator.ActiveCfg = Release|Any CPU
		{0CB56315-CD8F-44A3-822E-B7B33F736241}.AdHoc|Mixed Platforms.ActiveCfg = Release|Any CPU
		{0CB56315-CD8F-44A3-822E-B7B33F736241}.AdHoc|Mixed Platforms.Build.0 = Release|Any CPU
		{0CB56315-CD8F-44A3-822E-B7B33F736241}.Ad-Hoc|Mixed Platforms.ActiveCfg = Release|Any CPU
		{0CB56315-CD8F-44A3-822E-B7B33F736241}.Ad-Hoc|Mixed Platforms.Build.0 = Release|Any CPU
		{0CB56315-CD8F-44A3-822E-B7B33F736241}.AppStore|Any CPU.ActiveCfg = Release|Any CPU
		{0CB56315-CD8F-44A3-822E-B7B33F736241}.AppStore|Any CPU.Build.0 = Release|Any CPU
		{0CB56315-CD8F-44A3-822E-B7B33F736241}.AppStore|iPhone.ActiveCfg = Release|Any CPU
		{0CB56315-CD8F-44A3-822E-B7B33F736241}.AppStore|iPhoneSimulator.ActiveCfg = Release|Any CPU
		{0CB56315-CD8F-44A3-822E-B7B33F736241}.AppStore|Mixed Platforms.ActiveCfg = Release|Any CPU
		{0CB56315-CD8F-44A3-822E-B7B33F736241}.AppStore|Mixed Platforms.Build.0 = Release|Any CPU
		{0CB56315-CD8F-44A3-822E-B7B33F736241}.Debug|Any CPU.ActiveCfg = Debug|Any CPU
		{0CB56315-CD8F-44A3-822E-B7B33F736241}.Debug|Any CPU.Build.0 = Debug|Any CPU
		{0CB56315-CD8F-44A3-822E-B7B33F736241}.Debug|iPhone.ActiveCfg = Debug|Any CPU
		{0CB56315-CD8F-44A3-822E-B7B33F736241}.Debug|iPhoneSimulator.ActiveCfg = Debug|Any CPU
		{0CB56315-CD8F-44A3-822E-B7B33F736241}.Debug|Mixed Platforms.ActiveCfg = Debug|Any CPU
		{0CB56315-CD8F-44A3-822E-B7B33F736241}.Debug|Mixed Platforms.Build.0 = Debug|Any CPU
		{0CB56315-CD8F-44A3-822E-B7B33F736241}.Distribution|Any CPU.ActiveCfg = Debug|Any CPU
		{0CB56315-CD8F-44A3-822E-B7B33F736241}.Distribution|Any CPU.Build.0 = Debug|Any CPU
		{0CB56315-CD8F-44A3-822E-B7B33F736241}.Distribution|iPhone.ActiveCfg = Debug|Any CPU
		{0CB56315-CD8F-44A3-822E-B7B33F736241}.Distribution|iPhoneSimulator.ActiveCfg = Debug|Any CPU
		{0CB56315-CD8F-44A3-822E-B7B33F736241}.Distribution|Mixed Platforms.ActiveCfg = Debug|Any CPU
		{0CB56315-CD8F-44A3-822E-B7B33F736241}.Distribution|Mixed Platforms.Build.0 = Debug|Any CPU
		{0CB56315-CD8F-44A3-822E-B7B33F736241}.Release|Any CPU.ActiveCfg = Release|Any CPU
		{0CB56315-CD8F-44A3-822E-B7B33F736241}.Release|Any CPU.Build.0 = Release|Any CPU
		{0CB56315-CD8F-44A3-822E-B7B33F736241}.Release|iPhone.ActiveCfg = Release|Any CPU
		{0CB56315-CD8F-44A3-822E-B7B33F736241}.Release|iPhoneSimulator.ActiveCfg = Release|Any CPU
		{0CB56315-CD8F-44A3-822E-B7B33F736241}.Release|Mixed Platforms.ActiveCfg = Release|Any CPU
		{0CB56315-CD8F-44A3-822E-B7B33F736241}.Release|Mixed Platforms.Build.0 = Release|Any CPU
		{61B19742-32C5-455F-AFB3-045ADD0696AE}.AdHoc|Any CPU.ActiveCfg = Release|Any CPU
		{61B19742-32C5-455F-AFB3-045ADD0696AE}.AdHoc|Any CPU.Build.0 = Release|Any CPU
		{61B19742-32C5-455F-AFB3-045ADD0696AE}.Ad-Hoc|Any CPU.ActiveCfg = Release|Any CPU
		{61B19742-32C5-455F-AFB3-045ADD0696AE}.Ad-Hoc|Any CPU.Build.0 = Release|Any CPU
		{61B19742-32C5-455F-AFB3-045ADD0696AE}.AdHoc|iPhone.ActiveCfg = Release|Any CPU
		{61B19742-32C5-455F-AFB3-045ADD0696AE}.Ad-Hoc|iPhone.ActiveCfg = Release|Any CPU
		{61B19742-32C5-455F-AFB3-045ADD0696AE}.AdHoc|iPhoneSimulator.ActiveCfg = Release|Any CPU
		{61B19742-32C5-455F-AFB3-045ADD0696AE}.Ad-Hoc|iPhoneSimulator.ActiveCfg = Release|Any CPU
		{61B19742-32C5-455F-AFB3-045ADD0696AE}.AdHoc|Mixed Platforms.ActiveCfg = Release|Any CPU
		{61B19742-32C5-455F-AFB3-045ADD0696AE}.AdHoc|Mixed Platforms.Build.0 = Release|Any CPU
		{61B19742-32C5-455F-AFB3-045ADD0696AE}.Ad-Hoc|Mixed Platforms.ActiveCfg = Release|Any CPU
		{61B19742-32C5-455F-AFB3-045ADD0696AE}.Ad-Hoc|Mixed Platforms.Build.0 = Release|Any CPU
		{61B19742-32C5-455F-AFB3-045ADD0696AE}.AppStore|Any CPU.ActiveCfg = Release|Any CPU
		{61B19742-32C5-455F-AFB3-045ADD0696AE}.AppStore|Any CPU.Build.0 = Release|Any CPU
		{61B19742-32C5-455F-AFB3-045ADD0696AE}.AppStore|iPhone.ActiveCfg = Release|Any CPU
		{61B19742-32C5-455F-AFB3-045ADD0696AE}.AppStore|iPhoneSimulator.ActiveCfg = Release|Any CPU
		{61B19742-32C5-455F-AFB3-045ADD0696AE}.AppStore|Mixed Platforms.ActiveCfg = Release|Any CPU
		{61B19742-32C5-455F-AFB3-045ADD0696AE}.AppStore|Mixed Platforms.Build.0 = Release|Any CPU
		{61B19742-32C5-455F-AFB3-045ADD0696AE}.Debug|Any CPU.ActiveCfg = Debug|Any CPU
		{61B19742-32C5-455F-AFB3-045ADD0696AE}.Debug|Any CPU.Build.0 = Debug|Any CPU
		{61B19742-32C5-455F-AFB3-045ADD0696AE}.Debug|iPhone.ActiveCfg = Debug|Any CPU
		{61B19742-32C5-455F-AFB3-045ADD0696AE}.Debug|iPhoneSimulator.ActiveCfg = Debug|Any CPU
		{61B19742-32C5-455F-AFB3-045ADD0696AE}.Debug|Mixed Platforms.ActiveCfg = Debug|Any CPU
		{61B19742-32C5-455F-AFB3-045ADD0696AE}.Debug|Mixed Platforms.Build.0 = Debug|Any CPU
		{61B19742-32C5-455F-AFB3-045ADD0696AE}.Distribution|Any CPU.ActiveCfg = Debug|Any CPU
		{61B19742-32C5-455F-AFB3-045ADD0696AE}.Distribution|Any CPU.Build.0 = Debug|Any CPU
		{61B19742-32C5-455F-AFB3-045ADD0696AE}.Distribution|iPhone.ActiveCfg = Debug|Any CPU
		{61B19742-32C5-455F-AFB3-045ADD0696AE}.Distribution|iPhoneSimulator.ActiveCfg = Debug|Any CPU
		{61B19742-32C5-455F-AFB3-045ADD0696AE}.Distribution|Mixed Platforms.ActiveCfg = Debug|Any CPU
		{61B19742-32C5-455F-AFB3-045ADD0696AE}.Distribution|Mixed Platforms.Build.0 = Debug|Any CPU
		{61B19742-32C5-455F-AFB3-045ADD0696AE}.Release|Any CPU.ActiveCfg = Release|Any CPU
		{61B19742-32C5-455F-AFB3-045ADD0696AE}.Release|Any CPU.Build.0 = Release|Any CPU
		{61B19742-32C5-455F-AFB3-045ADD0696AE}.Release|iPhone.ActiveCfg = Release|Any CPU
		{61B19742-32C5-455F-AFB3-045ADD0696AE}.Release|iPhoneSimulator.ActiveCfg = Release|Any CPU
		{61B19742-32C5-455F-AFB3-045ADD0696AE}.Release|Mixed Platforms.ActiveCfg = Release|Any CPU
		{61B19742-32C5-455F-AFB3-045ADD0696AE}.Release|Mixed Platforms.Build.0 = Release|Any CPU
		{E483C044-6672-4E9E-8699-B2D709E55660}.AdHoc|Any CPU.ActiveCfg = Release|Any CPU
		{E483C044-6672-4E9E-8699-B2D709E55660}.AdHoc|Any CPU.Build.0 = Release|Any CPU
		{E483C044-6672-4E9E-8699-B2D709E55660}.Ad-Hoc|Any CPU.ActiveCfg = Release|Any CPU
		{E483C044-6672-4E9E-8699-B2D709E55660}.Ad-Hoc|Any CPU.Build.0 = Release|Any CPU
		{E483C044-6672-4E9E-8699-B2D709E55660}.AdHoc|iPhone.ActiveCfg = Release|Any CPU
		{E483C044-6672-4E9E-8699-B2D709E55660}.Ad-Hoc|iPhone.ActiveCfg = Release|Any CPU
		{E483C044-6672-4E9E-8699-B2D709E55660}.AdHoc|iPhoneSimulator.ActiveCfg = Release|Any CPU
		{E483C044-6672-4E9E-8699-B2D709E55660}.Ad-Hoc|iPhoneSimulator.ActiveCfg = Release|Any CPU
		{E483C044-6672-4E9E-8699-B2D709E55660}.AdHoc|Mixed Platforms.ActiveCfg = Release|Any CPU
		{E483C044-6672-4E9E-8699-B2D709E55660}.AdHoc|Mixed Platforms.Build.0 = Release|Any CPU
		{E483C044-6672-4E9E-8699-B2D709E55660}.Ad-Hoc|Mixed Platforms.ActiveCfg = Release|Any CPU
		{E483C044-6672-4E9E-8699-B2D709E55660}.Ad-Hoc|Mixed Platforms.Build.0 = Release|Any CPU
		{E483C044-6672-4E9E-8699-B2D709E55660}.AppStore|Any CPU.ActiveCfg = Release|Any CPU
		{E483C044-6672-4E9E-8699-B2D709E55660}.AppStore|Any CPU.Build.0 = Release|Any CPU
		{E483C044-6672-4E9E-8699-B2D709E55660}.AppStore|iPhone.ActiveCfg = Release|Any CPU
		{E483C044-6672-4E9E-8699-B2D709E55660}.AppStore|iPhoneSimulator.ActiveCfg = Release|Any CPU
		{E483C044-6672-4E9E-8699-B2D709E55660}.AppStore|Mixed Platforms.ActiveCfg = Release|Any CPU
		{E483C044-6672-4E9E-8699-B2D709E55660}.AppStore|Mixed Platforms.Build.0 = Release|Any CPU
		{E483C044-6672-4E9E-8699-B2D709E55660}.Debug|Any CPU.ActiveCfg = Debug|Any CPU
		{E483C044-6672-4E9E-8699-B2D709E55660}.Debug|Any CPU.Build.0 = Debug|Any CPU
		{E483C044-6672-4E9E-8699-B2D709E55660}.Debug|iPhone.ActiveCfg = Debug|Any CPU
		{E483C044-6672-4E9E-8699-B2D709E55660}.Debug|iPhoneSimulator.ActiveCfg = Debug|Any CPU
		{E483C044-6672-4E9E-8699-B2D709E55660}.Debug|Mixed Platforms.ActiveCfg = Debug|Any CPU
		{E483C044-6672-4E9E-8699-B2D709E55660}.Debug|Mixed Platforms.Build.0 = Debug|Any CPU
		{E483C044-6672-4E9E-8699-B2D709E55660}.Distribution|Any CPU.ActiveCfg = Debug|Any CPU
		{E483C044-6672-4E9E-8699-B2D709E55660}.Distribution|Any CPU.Build.0 = Debug|Any CPU
		{E483C044-6672-4E9E-8699-B2D709E55660}.Distribution|iPhone.ActiveCfg = Debug|Any CPU
		{E483C044-6672-4E9E-8699-B2D709E55660}.Distribution|iPhoneSimulator.ActiveCfg = Debug|Any CPU
		{E483C044-6672-4E9E-8699-B2D709E55660}.Distribution|Mixed Platforms.ActiveCfg = Debug|Any CPU
		{E483C044-6672-4E9E-8699-B2D709E55660}.Distribution|Mixed Platforms.Build.0 = Debug|Any CPU
		{E483C044-6672-4E9E-8699-B2D709E55660}.Release|Any CPU.ActiveCfg = Release|Any CPU
		{E483C044-6672-4E9E-8699-B2D709E55660}.Release|Any CPU.Build.0 = Release|Any CPU
		{E483C044-6672-4E9E-8699-B2D709E55660}.Release|iPhone.ActiveCfg = Release|Any CPU
		{E483C044-6672-4E9E-8699-B2D709E55660}.Release|iPhoneSimulator.ActiveCfg = Release|Any CPU
		{E483C044-6672-4E9E-8699-B2D709E55660}.Release|Mixed Platforms.ActiveCfg = Release|Any CPU
		{E483C044-6672-4E9E-8699-B2D709E55660}.Release|Mixed Platforms.Build.0 = Release|Any CPU
	EndGlobalSection
	GlobalSection(SolutionProperties) = preSolution
		HideSolutionNode = FALSE
	EndGlobalSection
	GlobalSection(MonoDevelopProperties) = preSolution
		StartupItem = MWC.iOS\MWC.iOS.csproj
		description = iOS5.1 and iCloud compatibility
		version = 1.4
	EndGlobalSection
EndGlobal
